
Microsoft Visual Studio Solution File, Format Version 12.00
# Visual Studio Version 16
VisualStudioVersion = 16.0.30011.22
MinimumVisualStudioVersion = 10.0.40219.1
Project("{9A19103F-16F7-4668-BE54-9A1E7A4F7556}") = "JaebeMusicStudio", "JaebeMusicStudio\JaebeMusicStudio.csproj", "{EDB841F7-495C-437D-B3C7-FFCBFEF1563A}"
EndProject
Project("{FAE04EC0-301F-11D3-BF4B-00C04F79EFBC}") = "JmsVstHost", "JmsVstHost\JmsVstHost.csproj", "{5937A992-5B0D-427D-A6A8-8AD3F9531AB0}"
EndProject
Global
	GlobalSection(SolutionConfigurationPlatforms) = preSolution
		Debug|Any CPU = Debug|Any CPU
		Release|Any CPU = Release|Any CPU
	EndGlobalSection
	GlobalSection(ProjectConfigurationPlatforms) = postSolution
		{EDB841F7-495C-437D-B3C7-FFCBFEF1563A}.Debug|Any CPU.ActiveCfg = Debug|Any CPU
		{EDB841F7-495C-437D-B3C7-FFCBFEF1563A}.Debug|Any CPU.Build.0 = Debug|Any CPU
		{EDB841F7-495C-437D-B3C7-FFCBFEF1563A}.Release|Any CPU.ActiveCfg = Release|Any CPU
		{EDB841F7-495C-437D-B3C7-FFCBFEF1563A}.Release|Any CPU.Build.0 = Release|Any CPU
		{5937A992-5B0D-427D-A6A8-8AD3F9531AB0}.Debug|Any CPU.ActiveCfg = Debug|Any CPU
		{5937A992-5B0D-427D-A6A8-8AD3F9531AB0}.Debug|Any CPU.Build.0 = Debug|Any CPU
		{5937A992-5B0D-427D-A6A8-8AD3F9531AB0}.Release|Any CPU.ActiveCfg = Release|Any CPU
		{5937A992-5B0D-427D-A6A8-8AD3F9531AB0}.Release|Any CPU.Build.0 = Release|Any CPU
	EndGlobalSection
	GlobalSection(SolutionProperties) = preSolution
		HideSolutionNode = FALSE
	EndGlobalSection
	GlobalSection(ExtensibilityGlobals) = postSolution
		SolutionGuid = {F874C6B1-7422-4549-BC67-9B7EA716B055}
	EndGlobalSection
EndGlobal
